PODS:
  - Alamofire (5.4.0)
  - Moya (14.0.0):
    - Moya/Core (= 14.0.0)
  - Moya/Core (14.0.0):
    - Alamofire (~> 5.0)
  - SDWebImage (5.10.4):
    - SDWebImage/Core (= 5.10.4)
  - SDWebImage/Core (5.10.4)
  - SDWebImageSwiftUI (1.5.0):
    - SDWebImage (~> 5.7)

DEPENDENCIES:
  - Moya (~> 14.0)
  - SDWebImageSwiftUI

SPEC REPOS:
  trunk:
    - Alamofire
    - Moya
    - SDWebImage
    - SDWebImageSwiftUI

SPEC CHECKSUMS:
  Alamofire: 3b6a534a3df22db367e4dedeeca73d1ddfcf0e2f
  Moya: 5b45dacb75adb009f97fde91c204c1e565d31916
  SDWebImage: c666b97e1fa9c64b4909816a903322018f0a9c84
  SDWebImageSwiftUI: 43687ffe232ddd33fe0659498b7ca9884fdd6b35

PODFILE CHECKSUM: 0dfce178a835b9137e0c25cfc8f5ac61af933a4f

COCOAPODS: 1.10.0
