// !$*UTF8*$!
{
	archiveVersion = 1;
	classes = {
	};
	objectVersion = 51;
	objects = {

/* Begin PBXBuildFile section */
		72E96C06BE0BD2A5003184AE /* Pods_MovieCatalog.framework in Frameworks */ = {isa = PBXBuildFile; fileRef = BBE537D2BF5E670EEA7EA4EB /* Pods_MovieCatalog.framework */; };
		BC01E5EA25C9876200971244 /* Movies.swift in Sources */ = {isa = PBXBuildFile; fileRef = BC01E5DA25C9857A00971244 /* Movies.swift */; };
		BCE36EAE25C9782200A336DA /* AppDelegate.swift in Sources */ = {isa = PBXBuildFile; fileRef = BCE36EAD25C9782200A336DA /* AppDelegate.swift */; };
		BCE36EB025C9782200A336DA /* SceneDelegate.swift in Sources */ = {isa = PBXBuildFile; fileRef = BCE36EAF25C9782200A336DA /* SceneDelegate.swift */; };
		BCE36EB225C9782200A336DA /* ViewController.swift in Sources */ = {isa = PBXBuildFile; fileRef = BCE36EB125C9782200A336DA /* ViewController.swift */; };
		BCE36EB525C9782200A336DA /* Main.storyboard in Resources */ = {isa = PBXBuildFile; fileRef = BCE36EB325C9782200A336DA /* Main.storyboard */; };
		BCE36EB725C9782400A336DA /* Assets.xcassets in Resources */ = {isa = PBXBuildFile; fileRef = BCE36EB625C9782400A336DA /* Assets.xcassets */; };
		BCE36EBA25C9782400A336DA /* LaunchScreen.storyboard in Resources */ = {isa = PBXBuildFile; fileRef = BCE36EB825C9782400A336DA /* LaunchScreen.storyboard */; };
		BCE36ECF25C979B900A336DA /* MoviesTableViewCell.swift in Sources */ = {isa = PBXBuildFile; fileRef = BCE36EC225C978E800A336DA /* MoviesTableViewCell.swift */; };
		BCE36ED425C97CD200A336DA /* Endpoints.swift in Sources */ = {isa = PBXBuildFile; fileRef = BCE36ED325C97CD200A336DA /* Endpoints.swift */; };
/* End PBXBuildFile section */

/* Begin PBXFileReference section */
		555D9B33C1A3C2B3892A3BCE /* Pods-MovieCatalog.debug.xcconfig */ = {isa = PBXFileReference; includeInIndex = 1; lastKnownFileType = text.xcconfig; name = "Pods-MovieCatalog.debug.xcconfig"; path = "Target Support Files/Pods-MovieCatalog/Pods-MovieCatalog.debug.xcconfig"; sourceTree = "<group>"; };
		B380B937EA68A37D802C952A /* Pods-MovieCatalog.release.xcconfig */ = {isa = PBXFileReference; includeInIndex = 1; lastKnownFileType = text.xcconfig; name = "Pods-MovieCatalog.release.xcconfig"; path = "Target Support Files/Pods-MovieCatalog/Pods-MovieCatalog.release.xcconfig"; sourceTree = "<group>"; };
		BBE537D2BF5E670EEA7EA4EB /* Pods_MovieCatalog.framework */ = {isa = PBXFileReference; explicitFileType = wrapper.framework; includeInIndex = 0; path = Pods_MovieCatalog.framework; sourceTree = BUILT_PRODUCTS_DIR; };
		BC01E5DA25C9857A00971244 /* Movies.swift */ = {isa = PBXFileReference; lastKnownFileType = sourcecode.swift; path = Movies.swift; sourceTree = "<group>"; };
		BCE36EAA25C9782200A336DA /* MovieCatalog.app */ = {isa = PBXFileReference; explicitFileType = wrapper.application; includeInIndex = 0; path = MovieCatalog.app; sourceTree = BUILT_PRODUCTS_DIR; };
		BCE36EAD25C9782200A336DA /* AppDelegate.swift */ = {isa = PBXFileReference; lastKnownFileType = sourcecode.swift; path = AppDelegate.swift; sourceTree = "<group>"; };
		BCE36EAF25C9782200A336DA /* SceneDelegate.swift */ = {isa = PBXFileReference; lastKnownFileType = sourcecode.swift; path = SceneDelegate.swift; sourceTree = "<group>"; };
		BCE36EB125C9782200A336DA /* ViewController.swift */ = {isa = PBXFileReference; lastKnownFileType = sourcecode.swift; path = ViewController.swift; sourceTree = "<group>"; };
		BCE36EB425C9782200A336DA /* Base */ = {isa = PBXFileReference; lastKnownFileType = file.storyboard; name = Base; path = Base.lproj/Main.storyboard; sourceTree = "<group>"; };
		BCE36EB625C9782400A336DA /* Assets.xcassets */ = {isa = PBXFileReference; lastKnownFileType = folder.assetcatalog; path = Assets.xcassets; sourceTree = "<group>"; };
		BCE36EB925C9782400A336DA /* Base */ = {isa = PBXFileReference; lastKnownFileType = file.storyboard; name = Base; path = Base.lproj/LaunchScreen.storyboard; sourceTree = "<group>"; };
		BCE36EBB25C9782400A336DA /* Info.plist */ = {isa = PBXFileReference; lastKnownFileType = text.plist.xml; path = Info.plist; sourceTree = "<group>"; };
		BCE36EC225C978E800A336DA /* MoviesTableViewCell.swift */ = {isa = PBXFileReference; lastKnownFileType = sourcecode.swift; path = MoviesTableViewCell.swift; sourceTree = "<group>"; };
		BCE36ED325C97CD200A336DA /* Endpoints.swift */ = {isa = PBXFileReference; lastKnownFileType = sourcecode.swift; path = Endpoints.swift; sourceTree = "<group>"; };
/* End PBXFileReference section */

/* Begin PBXFrameworksBuildPhase section */
		BCE36EA725C9782100A336DA /* Frameworks */ = {
			isa = PBXFrameworksBuildPhase;
			buildActionMask = 2147483647;
			files = (
				72E96C06BE0BD2A5003184AE /* Pods_MovieCatalog.framework in Frameworks */,
			);
			runOnlyForDeploymentPostprocessing = 0;
		};
/* End PBXFrameworksBuildPhase section */

/* Begin PBXGroup section */
		26786C7609B27891B066B9E5 /* Frameworks */ = {
			isa = PBXGroup;
			children = (
				BBE537D2BF5E670EEA7EA4EB /* Pods_MovieCatalog.framework */,
			);
			name = Frameworks;
			sourceTree = "<group>";
		};
		4FE57496F79A1D3D96E2B94F /* Pods */ = {
			isa = PBXGroup;
			children = (
				555D9B33C1A3C2B3892A3BCE /* Pods-MovieCatalog.debug.xcconfig */,
				B380B937EA68A37D802C952A /* Pods-MovieCatalog.release.xcconfig */,
			);
			path = Pods;
			sourceTree = "<group>";
		};
		BC01E5D925C9857200971244 /* Models */ = {
			isa = PBXGroup;
			children = (
				BC01E5DA25C9857A00971244 /* Movies.swift */,
			);
			path = Models;
			sourceTree = "<group>";
		};
		BCE36EA125C9782100A336DA = {
			isa = PBXGroup;
			children = (
				BCE36EAC25C9782200A336DA /* MovieCatalog */,
				BCE36EAB25C9782200A336DA /* Products */,
				4FE57496F79A1D3D96E2B94F /* Pods */,
				26786C7609B27891B066B9E5 /* Frameworks */,
			);
			sourceTree = "<group>";
		};
		BCE36EAB25C9782200A336DA /* Products */ = {
			isa = PBXGroup;
			children = (
				BCE36EAA25C9782200A336DA /* MovieCatalog.app */,
			);
			name = Products;
			sourceTree = "<group>";
		};
		BCE36EAC25C9782200A336DA /* MovieCatalog */ = {
			isa = PBXGroup;
			children = (
				BC01E5D925C9857200971244 /* Models */,
				BCE36ED225C97CAD00A336DA /* Network */,
				BCE36ECC25C9790C00A336DA /* App */,
				BCE36ECB25C9790100A336DA /* Resources */,
				BCE36ECA25C978FA00A336DA /* Storyboard */,
				BCE36EC925C978F300A336DA /* Views */,
			);
			path = MovieCatalog;
			sourceTree = "<group>";
		};
		BCE36EC725C978EC00A336DA /* Table Cell */ = {
			isa = PBXGroup;
			children = (
				BCE36EC225C978E800A336DA /* MoviesTableViewCell.swift */,
			);
			path = "Table Cell";
			sourceTree = "<group>";
		};
		BCE36EC925C978F300A336DA /* Views */ = {
			isa = PBXGroup;
			children = (
				BCE36EC725C978EC00A336DA /* Table Cell */,
				BCE36EB125C9782200A336DA /* ViewController.swift */,
			);
			path = Views;
			sourceTree = "<group>";
		};
		BCE36ECA25C978FA00A336DA /* Storyboard */ = {
			isa = PBXGroup;
			children = (
				BCE36EB825C9782400A336DA /* LaunchScreen.storyboard */,
				BCE36EB325C9782200A336DA /* Main.storyboard */,
			);
			path = Storyboard;
			sourceTree = "<group>";
		};
		BCE36ECB25C9790100A336DA /* Resources */ = {
			isa = PBXGroup;
			children = (
				BCE36EB625C9782400A336DA /* Assets.xcassets */,
			);
			path = Resources;
			sourceTree = "<group>";
		};
		BCE36ECC25C9790C00A336DA /* App */ = {
			isa = PBXGroup;
			children = (
				BCE36EBB25C9782400A336DA /* Info.plist */,
				BCE36EAD25C9782200A336DA /* AppDelegate.swift */,
				BCE36EAF25C9782200A336DA /* SceneDelegate.swift */,
			);
			path = App;
			sourceTree = "<group>";
		};
		BCE36ED225C97CAD00A336DA /* Network */ = {
			isa = PBXGroup;
			children = (
				BCE36ED325C97CD200A336DA /* Endpoints.swift */,
			);
			path = Network;
			sourceTree = "<group>";
		};
/* End PBXGroup section */

/* Begin PBXNativeTarget section */
		BCE36EA925C9782100A336DA /* MovieCatalog */ = {
			isa = PBXNativeTarget;
			buildConfigurationList = BCE36EBE25C9782400A336DA /* Build configuration list for PBXNativeTarget "MovieCatalog" */;
			buildPhases = (
				D17B6027B9F7CD2534E58BCE /* [CP] Check Pods Manifest.lock */,
				BCE36EA625C9782100A336DA /* Sources */,
				BCE36EA725C9782100A336DA /* Frameworks */,
				BCE36EA825C9782100A336DA /* Resources */,
				87877006AD9D7933254EA23D /* [CP] Embed Pods Frameworks */,
			);
			buildRules = (
			);
			dependencies = (
			);
			name = MovieCatalog;
			productName = MovieCatalog;
			productReference = BCE36EAA25C9782200A336DA /* MovieCatalog.app */;
			productType = "com.apple.product-type.application";
		};
/* End PBXNativeTarget section */

/* Begin PBXProject section */
		BCE36EA225C9782100A336DA /* Project object */ = {
			isa = PBXProject;
			attributes = {
				LastSwiftUpdateCheck = 1230;
				LastUpgradeCheck = 1230;
				TargetAttributes = {
					BCE36EA925C9782100A336DA = {
						CreatedOnToolsVersion = 12.3;
					};
				};
			};
			buildConfigurationList = BCE36EA525C9782100A336DA /* Build configuration list for PBXProject "MovieCatalog" */;
			compatibilityVersion = "Xcode 9.3";
			developmentRegion = en;
			hasScannedForEncodings = 0;
			knownRegions = (
				en,
				Base,
			);
			mainGroup = BCE36EA125C9782100A336DA;
			productRefGroup = BCE36EAB25C9782200A336DA /* Products */;
			projectDirPath = "";
			projectRoot = "";
			targets = (
				BCE36EA925C9782100A336DA /* MovieCatalog */,
			);
		};
/* End PBXProject section */

/* Begin PBXResourcesBuildPhase section */
		BCE36EA825C9782100A336DA /* Resources */ = {
			isa = PBXResourcesBuildPhase;
			buildActionMask = 2147483647;
			files = (
				BCE36EBA25C9782400A336DA /* LaunchScreen.storyboard in Resources */,
				BCE36EB725C9782400A336DA /* Assets.xcassets in Resources */,
				BCE36EB525C9782200A336DA /* Main.storyboard in Resources */,
			);
			runOnlyForDeploymentPostprocessing = 0;
		};
/* End PBXResourcesBuildPhase section */

/* Begin PBXShellScriptBuildPhase section */
		87877006AD9D7933254EA23D /* [CP] Embed Pods Frameworks */ = {
			isa = PBXShellScriptBuildPhase;
			buildActionMask = 2147483647;
			files = (
			);
			inputFileListPaths = (
				"${PODS_ROOT}/Target Support Files/Pods-MovieCatalog/Pods-MovieCatalog-frameworks-${CONFIGURATION}-input-files.xcfilelist",
			);
			name = "[CP] Embed Pods Frameworks";
			outputFileListPaths = (
				"${PODS_ROOT}/Target Support Files/Pods-MovieCatalog/Pods-MovieCatalog-frameworks-${CONFIGURATION}-output-files.xcfilelist",
			);
			runOnlyForDeploymentPostprocessing = 0;
			shellPath = /bin/sh;
			shellScript = "\"${PODS_ROOT}/Target Support Files/Pods-MovieCatalog/Pods-MovieCatalog-frameworks.sh\"\n";
			showEnvVarsInLog = 0;
		};
		D17B6027B9F7CD2534E58BCE /* [CP] Check Pods Manifest.lock */ = {
			isa = PBXShellScriptBuildPhase;
			buildActionMask = 2147483647;
			files = (
			);
			inputFileListPaths = (
			);
			inputPaths = (
				"${PODS_PODFILE_DIR_PATH}/Podfile.lock",
				"${PODS_ROOT}/Manifest.lock",
			);
			name = "[CP] Check Pods Manifest.lock";
			outputFileListPaths = (
			);
			outputPaths = (
				"$(DERIVED_FILE_DIR)/Pods-MovieCatalog-checkManifestLockResult.txt",
			);
			runOnlyForDeploymentPostprocessing = 0;
			shellPath = /bin/sh;
			shellScript = "diff \"${PODS_PODFILE_DIR_PATH}/Podfile.lock\" \"${PODS_ROOT}/Manifest.lock\" > /dev/null\nif [ $? != 0 ] ; then\n    # print error to STDERR\n    echo \"error: The sandbox is not in sync with the Podfile.lock. Run 'pod install' or update your CocoaPods installation.\" >&2\n    exit 1\nfi\n# This output is used by Xcode 'outputs' to avoid re-running this script phase.\necho \"SUCCESS\" > \"${SCRIPT_OUTPUT_FILE_0}\"\n";
			showEnvVarsInLog = 0;
		};
/* End PBXShellScriptBuildPhase section */

/* Begin PBXSourcesBuildPhase section */
		BCE36EA625C9782100A336DA /* Sources */ = {
			isa = PBXSourcesBuildPhase;
			buildActionMask = 2147483647;
			files = (
				BCE36ED425C97CD200A336DA /* Endpoints.swift in Sources */,
				BCE36EB225C9782200A336DA /* ViewController.swift in Sources */,
				BC01E5EA25C9876200971244 /* Movies.swift in Sources */,
				BCE36EAE25C9782200A336DA /* AppDelegate.swift in Sources */,
				BCE36ECF25C979B900A336DA /* MoviesTableViewCell.swift in Sources */,
				BCE36EB025C9782200A336DA /* SceneDelegate.swift in Sources */,
			);
			runOnlyForDeploymentPostprocessing = 0;
		};
/* End PBXSourcesBuildPhase section */

/* Begin PBXVariantGroup section */
		BCE36EB325C9782200A336DA /* Main.storyboard */ = {
			isa = PBXVariantGroup;
			children = (
				BCE36EB425C9782200A336DA /* Base */,
			);
			name = Main.storyboard;
			sourceTree = "<group>";
		};
		BCE36EB825C9782400A336DA /* LaunchScreen.storyboard */ = {
			isa = PBXVariantGroup;
			children = (
				BCE36EB925C9782400A336DA /* Base */,
			);
			name = LaunchScreen.storyboard;
			sourceTree = "<group>";
		};
/* End PBXVariantGroup section */

/* Begin XCBuildConfiguration section */
		BCE36EBC25C9782400A336DA /* Debug */ = {
			isa = XCBuildConfiguration;
			buildSettings = {
				ALWAYS_SEARCH_USER_PATHS = NO;
				CLANG_ANALYZER_NONNULL = YES;
				CLANG_ANALYZER_NUMBER_OBJECT_CONVERSION = YES_AGGRESSIVE;
				CLANG_CXX_LANGUAGE_STANDARD = "gnu++14";
				CLANG_CXX_LIBRARY = "libc++";
				CLANG_ENABLE_MODULES = YES;
				CLANG_ENABLE_OBJC_ARC = YES;
				CLANG_ENABLE_OBJC_WEAK = YES;
				CLANG_WARN_BLOCK_CAPTURE_AUTORELEASING = YES;
				CLANG_WARN_BOOL_CONVERSION = YES;
				CLANG_WARN_COMMA = YES;
				CLANG_WARN_CONSTANT_CONVERSION = YES;
				CLANG_WARN_DEPRECATED_OBJC_IMPLEMENTATIONS = YES;
				CLANG_WARN_DIRECT_OBJC_ISA_USAGE = YES_ERROR;
				CLANG_WARN_DOCUMENTATION_COMMENTS = YES;
				CLANG_WARN_EMPTY_BODY = YES;
				CLANG_WARN_ENUM_CONVERSION = YES;
				CLANG_WARN_INFINITE_RECURSION = YES;
				CLANG_WARN_INT_CONVERSION = YES;
				CLANG_WARN_NON_LITERAL_NULL_CONVERSION = YES;
				CLANG_WARN_OBJC_IMPLICIT_RETAIN_SELF = YES;
				CLANG_WARN_OBJC_LITERAL_CONVERSION = YES;
				CLANG_WARN_OBJC_ROOT_CLASS = YES_ERROR;
				CLANG_WARN_QUOTED_INCLUDE_IN_FRAMEWORK_HEADER = YES;
				CLANG_WARN_RANGE_LOOP_ANALYSIS = YES;
				CLANG_WARN_STRICT_PROTOTYPES = YES;
				CLANG_WARN_SUSPICIOUS_MOVE = YES;
				CLANG_WARN_UNGUARDED_AVAILABILITY = YES_AGGRESSIVE;
				CLANG_WARN_UNREACHABLE_CODE = YES;
				CLANG_WARN__DUPLICATE_METHOD_MATCH = YES;
				COPY_PHASE_STRIP = NO;
				DEBUG_INFORMATION_FORMAT = dwarf;
				ENABLE_STRICT_OBJC_MSGSEND = YES;
				ENABLE_TESTABILITY = YES;
				GCC_C_LANGUAGE_STANDARD = gnu11;
				GCC_DYNAMIC_NO_PIC = NO;
				GCC_NO_COMMON_BLOCKS = YES;
				GCC_OPTIMIZATION_LEVEL = 0;
				GCC_PREPROCESSOR_DEFINITIONS = (
					"DEBUG=1",
					"$(inherited)",
				);
				GCC_WARN_64_TO_32_BIT_CONVERSION = YES;
				GCC_WARN_ABOUT_RETURN_TYPE = YES_ERROR;
				GCC_WARN_UNDECLARED_SELECTOR = YES;
				GCC_WARN_UNINITIALIZED_AUTOS = YES_AGGRESSIVE;
				GCC_WARN_UNUSED_FUNCTION = YES;
				GCC_WARN_UNUSED_VARIABLE = YES;
				IPHONEOS_DEPLOYMENT_TARGET = 14.3;
				MTL_ENABLE_DEBUG_INFO = INCLUDE_SOURCE;
				MTL_FAST_MATH = YES;
				ONLY_ACTIVE_ARCH = YES;
				SDKROOT = iphoneos;
				SWIFT_ACTIVE_COMPILATION_CONDITIONS = DEBUG;
				SWIFT_OPTIMIZATION_LEVEL = "-Onone";
			};
			name = Debug;
		};
		BCE36EBD25C9782400A336DA /* Release */ = {
			isa = XCBuildConfiguration;
			buildSettings = {
				ALWAYS_SEARCH_USER_PATHS = NO;
				CLANG_ANALYZER_NONNULL = YES;
				CLANG_ANALYZER_NUMBER_OBJECT_CONVERSION = YES_AGGRESSIVE;
				CLANG_CXX_LANGUAGE_STANDARD = "gnu++14";
				CLANG_CXX_LIBRARY = "libc++";
				CLANG_ENABLE_MODULES = YES;
				CLANG_ENABLE_OBJC_ARC = YES;
				CLANG_ENABLE_OBJC_WEAK = YES;
				CLANG_WARN_BLOCK_CAPTURE_AUTORELEASING = YES;
				CLANG_WARN_BOOL_CONVERSION = YES;
				CLANG_WARN_COMMA = YES;
				CLANG_WARN_CONSTANT_CONVERSION = YES;
				CLANG_WARN_DEPRECATED_OBJC_IMPLEMENTATIONS = YES;
				CLANG_WARN_DIRECT_OBJC_ISA_USAGE = YES_ERROR;
				CLANG_WARN_DOCUMENTATION_COMMENTS = YES;
				CLANG_WARN_EMPTY_BODY = YES;
				CLANG_WARN_ENUM_CONVERSION = YES;
				CLANG_WARN_INFINITE_RECURSION = YES;
				CLANG_WARN_INT_CONVERSION = YES;
				CLANG_WARN_NON_LITERAL_NULL_CONVERSION = YES;
				CLANG_WARN_OBJC_IMPLICIT_RETAIN_SELF = YES;
				CLANG_WARN_OBJC_LITERAL_CONVERSION = YES;
				CLANG_WARN_OBJC_ROOT_CLASS = YES_ERROR;
				CLANG_WARN_QUOTED_INCLUDE_IN_FRAMEWORK_HEADER = YES;
				CLANG_WARN_RANGE_LOOP_ANALYSIS = YES;
				CLANG_WARN_STRICT_PROTOTYPES = YES;
				CLANG_WARN_SUSPICIOUS_MOVE = YES;
				CLANG_WARN_UNGUARDED_AVAILABILITY = YES_AGGRESSIVE;
				CLANG_WARN_UNREACHABLE_CODE = YES;
				CLANG_WARN__DUPLICATE_METHOD_MATCH = YES;
				COPY_PHASE_STRIP = NO;
				DEBUG_INFORMATION_FORMAT = "dwarf-with-dsym";
				ENABLE_NS_ASSERTIONS = NO;
				ENABLE_STRICT_OBJC_MSGSEND = YES;
				GCC_C_LANGUAGE_STANDARD = gnu11;
				GCC_NO_COMMON_BLOCKS = YES;
				GCC_WARN_64_TO_32_BIT_CONVERSION = YES;
				GCC_WARN_ABOUT_RETURN_TYPE = YES_ERROR;
				GCC_WARN_UNDECLARED_SELECTOR = YES;
				GCC_WARN_UNINITIALIZED_AUTOS = YES_AGGRESSIVE;
				GCC_WARN_UNUSED_FUNCTION = YES;
				GCC_WARN_UNUSED_VARIABLE = YES;
				IPHONEOS_DEPLOYMENT_TARGET = 14.3;
				MTL_ENABLE_DEBUG_INFO = NO;
				MTL_FAST_MATH = YES;
				SDKROOT = iphoneos;
				SWIFT_COMPILATION_MODE = wholemodule;
				SWIFT_OPTIMIZATION_LEVEL = "-O";
				VALIDATE_PRODUCT = YES;
			};
			name = Release;
		};
		BCE36EBF25C9782400A336DA /* Debug */ = {
			isa = XCBuildConfiguration;
			baseConfigurationReference = 555D9B33C1A3C2B3892A3BCE /* Pods-MovieCatalog.debug.xcconfig */;
			buildSettings = {
				ASSETCATALOG_COMPILER_APPICON_NAME = AppIcon;
				ASSETCATALOG_COMPILER_GLOBAL_ACCENT_COLOR_NAME = AccentColor;
				CODE_SIGN_STYLE = Automatic;
				INFOPLIST_FILE = "$(SRCROOT)/MovieCatalog/App/Info.plist";
				LD_RUNPATH_SEARCH_PATHS = (
					"$(inherited)",
					"@executable_path/Frameworks",
				);
				PRODUCT_BUNDLE_IDENTIFIER = co.id.MovieCatalog;
				PRODUCT_NAME = "$(TARGET_NAME)";
				SWIFT_VERSION = 5.0;
				TARGETED_DEVICE_FAMILY = "1,2";
			};
			name = Debug;
		};
		BCE36EC025C9782400A336DA /* Release */ = {
			isa = XCBuildConfiguration;
			baseConfigurationReference = B380B937EA68A37D802C952A /* Pods-MovieCatalog.release.xcconfig */;
			buildSettings = {
				ASSETCATALOG_COMPILER_APPICON_NAME = AppIcon;
				ASSETCATALOG_COMPILER_GLOBAL_ACCENT_COLOR_NAME = AccentColor;
				CODE_SIGN_STYLE = Automatic;
				INFOPLIST_FILE = "$(SRCROOT)/MovieCatalog/App/Info.plist";
				LD_RUNPATH_SEARCH_PATHS = (
					"$(inherited)",
					"@executable_path/Frameworks",
				);
				PRODUCT_BUNDLE_IDENTIFIER = co.id.MovieCatalog;
				PRODUCT_NAME = "$(TARGET_NAME)";
				SWIFT_VERSION = 5.0;
				TARGETED_DEVICE_FAMILY = "1,2";
			};
			name = Release;
		};
/* End XCBuildConfiguration section */

/* Begin XCConfigurationList section */
		BCE36EA525C9782100A336DA /* Build configuration list for PBXProject "MovieCatalog" */ = {
			isa = XCConfigurationList;
			buildConfigurations = (
				BCE36EBC25C9782400A336DA /* Debug */,
				BCE36EBD25C9782400A336DA /* Release */,
			);
			defaultConfigurationIsVisible = 0;
			defaultConfigurationName = Release;
		};
		BCE36EBE25C9782400A336DA /* Build configuration list for PBXNativeTarget "MovieCatalog" */ = {
			isa = XCConfigurationList;
			buildConfigurations = (
				BCE36EBF25C9782400A336DA /* Debug */,
				BCE36EC025C9782400A336DA /* Release */,
			);
			defaultConfigurationIsVisible = 0;
			defaultConfigurationName = Release;
		};
/* End XCConfigurationList section */
	};
	rootObject = BCE36EA225C9782100A336DA /* Project object */;
}
